// !$*UTF8*$!
{
	archiveVersion = 1;
	classes = {
	};
	objectVersion = 56;
	objects = {

/* Begin PBXBuildFile section */
		FA98A2F32A0C2B8D005D768E /* MoviesTableViewController.swift in Sources */ = {isa = PBXBuildFile; fileRef = FA98A2F22A0C2B8D005D768E /* MoviesTableViewController.swift */; };
		FA98AAC02A115CFF00D0DD3B /* MoviesListTableViewController.swift in Sources */ = {isa = PBXBuildFile; fileRef = FA98AABF2A115CFF00D0DD3B /* MoviesListTableViewController.swift */; };
		FAA11F072A094FF800720F56 /* AppDelegate.swift in Sources */ = {isa = PBXBuildFile; fileRef = FAA11F062A094FF800720F56 /* AppDelegate.swift */; };
		FAA11F092A094FF800720F56 /* SceneDelegate.swift in Sources */ = {isa = PBXBuildFile; fileRef = FAA11F082A094FF800720F56 /* SceneDelegate.swift */; };
		FAA11F0B2A094FF800720F56 /* ViewController.swift in Sources */ = {isa = PBXBuildFile; fileRef = FAA11F0A2A094FF800720F56 /* ViewController.swift */; };
		FAA11F0E2A094FF800720F56 /* Main.storyboard in Resources */ = {isa = PBXBuildFile; fileRef = FAA11F0C2A094FF800720F56 /* Main.storyboard */; };
		FAA11F132A094FF900720F56 /* Assets.xcassets in Resources */ = {isa = PBXBuildFile; fileRef = FAA11F122A094FF900720F56 /* Assets.xcassets */; };
		FAA11F162A094FF900720F56 /* LaunchScreen.storyboard in Resources */ = {isa = PBXBuildFile; fileRef = FAA11F142A094FF900720F56 /* LaunchScreen.storyboard */; };
		FAA11F1D2A09524B00720F56 /* CoreActressApp.xcdatamodeld in Sources */ = {isa = PBXBuildFile; fileRef = FAA11F0F2A094FF800720F56 /* CoreActressApp.xcdatamodeld */; };
		FAA11F232A0969AD00720F56 /* PersonViewController.swift in Sources */ = {isa = PBXBuildFile; fileRef = FAA11F222A0969AD00720F56 /* PersonViewController.swift */; };
		FAC9FB4A2A0AC16400E8164A /* TableViewController.swift in Sources */ = {isa = PBXBuildFile; fileRef = FAC9FB492A0AC16400E8164A /* TableViewController.swift */; };
/* End PBXBuildFile section */

/* Begin PBXFileReference section */
		FA98A2F12A0C19E4005D768E /* CoreActressApp.entitlements */ = {isa = PBXFileReference; lastKnownFileType = text.plist.entitlements; path = CoreActressApp.entitlements; sourceTree = "<group>"; };
		FA98A2F22A0C2B8D005D768E /* MoviesTableViewController.swift */ = {isa = PBXFileReference; lastKnownFileType = sourcecode.swift; path = MoviesTableViewController.swift; sourceTree = "<group>"; };
		FA98AABF2A115CFF00D0DD3B /* MoviesListTableViewController.swift */ = {isa = PBXFileReference; lastKnownFileType = sourcecode.swift; path = MoviesListTableViewController.swift; sourceTree = "<group>"; };
		FAA11F032A094FF800720F56 /* CoreActressApp.app */ = {isa = PBXFileReference; explicitFileType = wrapper.application; includeInIndex = 0; path = CoreActressApp.app; sourceTree = BUILT_PRODUCTS_DIR; };
		FAA11F062A094FF800720F56 /* AppDelegate.swift */ = {isa = PBXFileReference; lastKnownFileType = sourcecode.swift; path = AppDelegate.swift; sourceTree = "<group>"; };
		FAA11F082A094FF800720F56 /* SceneDelegate.swift */ = {isa = PBXFileReference; lastKnownFileType = sourcecode.swift; path = SceneDelegate.swift; sourceTree = "<group>"; };
		FAA11F0A2A094FF800720F56 /* ViewController.swift */ = {isa = PBXFileReference; lastKnownFileType = sourcecode.swift; path = ViewController.swift; sourceTree = "<group>"; };
		FAA11F0D2A094FF800720F56 /* Base */ = {isa = PBXFileReference; lastKnownFileType = file.storyboard; name = Base; path = Base.lproj/Main.storyboard; sourceTree = "<group>"; };
		FAA11F102A094FF800720F56 /* CoreActressApp.xcdatamodel */ = {isa = PBXFileReference; lastKnownFileType = wrapper.xcdatamodel; path = CoreActressApp.xcdatamodel; sourceTree = "<group>"; };
		FAA11F122A094FF900720F56 /* Assets.xcassets */ = {isa = PBXFileReference; lastKnownFileType = folder.assetcatalog; path = Assets.xcassets; sourceTree = "<group>"; };
		FAA11F152A094FF900720F56 /* Base */ = {isa = PBXFileReference; lastKnownFileType = file.storyboard; name = Base; path = Base.lproj/LaunchScreen.storyboard; sourceTree = "<group>"; };
		FAA11F172A094FF900720F56 /* Info.plist */ = {isa = PBXFileReference; lastKnownFileType = text.plist.xml; path = Info.plist; sourceTree = "<group>"; };
		FAA11F222A0969AD00720F56 /* PersonViewController.swift */ = {isa = PBXFileReference; lastKnownFileType = sourcecode.swift; path = PersonViewController.swift; sourceTree = "<group>"; };
		FAC9FB492A0AC16400E8164A /* TableViewController.swift */ = {isa = PBXFileReference; lastKnownFileType = sourcecode.swift; path = TableViewController.swift; sourceTree = "<group>"; };
/* End PBXFileReference section */

/* Begin PBXFrameworksBuildPhase section */
		FAA11F002A094FF800720F56 /* Frameworks */ = {
			isa = PBXFrameworksBuildPhase;
			buildActionMask = 2147483647;
			files = (
			);
			runOnlyForDeploymentPostprocessing = 0;
		};
/* End PBXFrameworksBuildPhase section */

/* Begin PBXGroup section */
		FAA11EFA2A094FF800720F56 = {
			isa = PBXGroup;
			children = (
				FAA11F052A094FF800720F56 /* CoreActressApp */,
				FAA11F042A094FF800720F56 /* Products */,
			);
			sourceTree = "<group>";
		};
		FAA11F042A094FF800720F56 /* Products */ = {
			isa = PBXGroup;
			children = (
				FAA11F032A094FF800720F56 /* CoreActressApp.app */,
			);
			name = Products;
			sourceTree = "<group>";
		};
		FAA11F052A094FF800720F56 /* CoreActressApp */ = {
			isa = PBXGroup;
			children = (
				FA98A2F12A0C19E4005D768E /* CoreActressApp.entitlements */,
				FAA11F062A094FF800720F56 /* AppDelegate.swift */,
				FAA11F082A094FF800720F56 /* SceneDelegate.swift */,
				FAA11F0A2A094FF800720F56 /* ViewController.swift */,
				FAA11F0C2A094FF800720F56 /* Main.storyboard */,
				FAA11F122A094FF900720F56 /* Assets.xcassets */,
				FAA11F142A094FF900720F56 /* LaunchScreen.storyboard */,
				FAA11F172A094FF900720F56 /* Info.plist */,
				FAA11F0F2A094FF800720F56 /* CoreActressApp.xcdatamodeld */,
				FAA11F222A0969AD00720F56 /* PersonViewController.swift */,
				FAC9FB492A0AC16400E8164A /* TableViewController.swift */,
				FA98A2F22A0C2B8D005D768E /* MoviesTableViewController.swift */,
				FA98AABF2A115CFF00D0DD3B /* MoviesListTableViewController.swift */,
			);
			path = CoreActressApp;
			sourceTree = "<group>";
		};
/* End PBXGroup section */

/* Begin PBXNativeTarget section */
		FAA11F022A094FF800720F56 /* CoreActressApp */ = {
			isa = PBXNativeTarget;
			buildConfigurationList = FAA11F1A2A094FF900720F56 /* Build configuration list for PBXNativeTarget "CoreActressApp" */;
			buildPhases = (
				FAA11EFF2A094FF800720F56 /* Sources */,
				FAA11F002A094FF800720F56 /* Frameworks */,
				FAA11F012A094FF800720F56 /* Resources */,
			);
			buildRules = (
			);
			dependencies = (
			);
			name = CoreActressApp;
			productName = CoreActressApp;
			productReference = FAA11F032A094FF800720F56 /* CoreActressApp.app */;
			productType = "com.apple.product-type.application";
		};
/* End PBXNativeTarget section */

/* Begin PBXProject section */
		FAA11EFB2A094FF800720F56 /* Project object */ = {
			isa = PBXProject;
			attributes = {
				BuildIndependentTargetsInParallel = 1;
				LastSwiftUpdateCheck = 1430;
				LastUpgradeCheck = 1430;
				TargetAttributes = {
					FAA11F022A094FF800720F56 = {
						CreatedOnToolsVersion = 14.3;
					};
				};
			};
			buildConfigurationList = FAA11EFE2A094FF800720F56 /* Build configuration list for PBXProject "CoreActressApp" */;
			compatibilityVersion = "Xcode 14.0";
			developmentRegion = en;
			hasScannedForEncodings = 0;
			knownRegions = (
				en,
				Base,
			);
			mainGroup = FAA11EFA2A094FF800720F56;
			productRefGroup = FAA11F042A094FF800720F56 /* Products */;
			projectDirPath = "";
			projectRoot = "";
			targets = (
				FAA11F022A094FF800720F56 /* CoreActressApp */,
			);
		};
/* End PBXProject section */

/* Begin PBXResourcesBuildPhase section */
		FAA11F012A094FF800720F56 /* Resources */ = {
			isa = PBXResourcesBuildPhase;
			buildActionMask = 2147483647;
			files = (
				FAA11F162A094FF900720F56 /* LaunchScreen.storyboard in Resources */,
				FAA11F132A094FF900720F56 /* Assets.xcassets in Resources */,
				FAA11F0E2A094FF800720F56 /* Main.storyboard in Resources */,
			);
			runOnlyForDeploymentPostprocessing = 0;
		};
/* End PBXResourcesBuildPhase section */

/* Begin PBXSourcesBuildPhase section */
		FAA11EFF2A094FF800720F56 /* Sources */ = {
			isa = PBXSourcesBuildPhase;
			buildActionMask = 2147483647;
			files = (
				FA98A2F32A0C2B8D005D768E /* MoviesTableViewController.swift in Sources */,
				FAA11F232A0969AD00720F56 /* PersonViewController.swift in Sources */,
				FAC9FB4A2A0AC16400E8164A /* TableViewController.swift in Sources */,
				FAA11F0B2A094FF800720F56 /* ViewController.swift in Sources */,
				FA98AAC02A115CFF00D0DD3B /* MoviesListTableViewController.swift in Sources */,
				FAA11F072A094FF800720F56 /* AppDelegate.swift in Sources */,
				FAA11F1D2A09524B00720F56 /* CoreActressApp.xcdatamodeld in Sources */,
				FAA11F092A094FF800720F56 /* SceneDelegate.swift in Sources */,
			);
			runOnlyForDeploymentPostprocessing = 0;
		};
/* End PBXSourcesBuildPhase section */

/* Begin PBXVariantGroup section */
		FAA11F0C2A094FF800720F56 /* Main.storyboard */ = {
			isa = PBXVariantGroup;
			children = (
				FAA11F0D2A094FF800720F56 /* Base */,
			);
			name = Main.storyboard;
			sourceTree = "<group>";
		};
		FAA11F142A094FF900720F56 /* LaunchScreen.storyboard */ = {
			isa = PBXVariantGroup;
			children = (
				FAA11F152A094FF900720F56 /* Base */,
			);
			name = LaunchScreen.storyboard;
			sourceTree = "<group>";
		};
/* End PBXVariantGroup section */

/* Begin XCBuildConfiguration section */
		FAA11F182A094FF900720F56 /* Debug */ = {
			isa = XCBuildConfiguration;
			buildSettings = {
				ALWAYS_SEARCH_USER_PATHS = NO;
				CLANG_ANALYZER_NONNULL = YES;
				CLANG_ANALYZER_NUMBER_OBJECT_CONVERSION = YES_AGGRESSIVE;
				CLANG_CXX_LANGUAGE_STANDARD = "gnu++20";
				CLANG_ENABLE_MODULES = YES;
				CLANG_ENABLE_OBJC_ARC = YES;
				CLANG_ENABLE_OBJC_WEAK = YES;
				CLANG_WARN_BLOCK_CAPTURE_AUTORELEASING = YES;
				CLANG_WARN_BOOL_CONVERSION = YES;
				CLANG_WARN_COMMA = YES;
				CLANG_WARN_CONSTANT_CONVERSION = YES;
				CLANG_WARN_DEPRECATED_OBJC_IMPLEMENTATIONS = YES;
				CLANG_WARN_DIRECT_OBJC_ISA_USAGE = YES_ERROR;
				CLANG_WARN_DOCUMENTATION_COMMENTS = YES;
				CLANG_WARN_EMPTY_BODY = YES;
				CLANG_WARN_ENUM_CONVERSION = YES;
				CLANG_WARN_INFINITE_RECURSION = YES;
				CLANG_WARN_INT_CONVERSION = YES;
				CLANG_WARN_NON_LITERAL_NULL_CONVERSION = YES;
				CLANG_WARN_OBJC_IMPLICIT_RETAIN_SELF = YES;
				CLANG_WARN_OBJC_LITERAL_CONVERSION = YES;
				CLANG_WARN_OBJC_ROOT_CLASS = YES_ERROR;
				CLANG_WARN_QUOTED_INCLUDE_IN_FRAMEWORK_HEADER = YES;
				CLANG_WARN_RANGE_LOOP_ANALYSIS = YES;
				CLANG_WARN_STRICT_PROTOTYPES = YES;
				CLANG_WARN_SUSPICIOUS_MOVE = YES;
				CLANG_WARN_UNGUARDED_AVAILABILITY = YES_AGGRESSIVE;
				CLANG_WARN_UNREACHABLE_CODE = YES;
				CLANG_WARN__DUPLICATE_METHOD_MATCH = YES;
				COPY_PHASE_STRIP = NO;
				DEBUG_INFORMATION_FORMAT = dwarf;
				ENABLE_STRICT_OBJC_MSGSEND = YES;
				ENABLE_TESTABILITY = YES;
				GCC_C_LANGUAGE_STANDARD = gnu11;
				GCC_DYNAMIC_NO_PIC = NO;
				GCC_NO_COMMON_BLOCKS = YES;
				GCC_OPTIMIZATION_LEVEL = 0;
				GCC_PREPROCESSOR_DEFINITIONS = (
					"DEBUG=1",
					"$(inherited)",
				);
				GCC_WARN_64_TO_32_BIT_CONVERSION = YES;
				GCC_WARN_ABOUT_RETURN_TYPE = YES_ERROR;
				GCC_WARN_UNDECLARED_SELECTOR = YES;
				GCC_WARN_UNINITIALIZED_AUTOS = YES_AGGRESSIVE;
				GCC_WARN_UNUSED_FUNCTION = YES;
				GCC_WARN_UNUSED_VARIABLE = YES;
				IPHONEOS_DEPLOYMENT_TARGET = 16.4;
				MTL_ENABLE_DEBUG_INFO = INCLUDE_SOURCE;
				MTL_FAST_MATH = YES;
				ONLY_ACTIVE_ARCH = YES;
				SDKROOT = iphoneos;
				SWIFT_ACTIVE_COMPILATION_CONDITIONS = DEBUG;
				SWIFT_OPTIMIZATION_LEVEL = "-Onone";
			};
			name = Debug;
		};
		FAA11F192A094FF900720F56 /* Release */ = {
			isa = XCBuildConfiguration;
			buildSettings = {
				ALWAYS_SEARCH_USER_PATHS = NO;
				CLANG_ANALYZER_NONNULL = YES;
				CLANG_ANALYZER_NUMBER_OBJECT_CONVERSION = YES_AGGRESSIVE;
				CLANG_CXX_LANGUAGE_STANDARD = "gnu++20";
				CLANG_ENABLE_MODULES = YES;
				CLANG_ENABLE_OBJC_ARC = YES;
				CLANG_ENABLE_OBJC_WEAK = YES;
				CLANG_WARN_BLOCK_CAPTURE_AUTORELEASING = YES;
				CLANG_WARN_BOOL_CONVERSION = YES;
				CLANG_WARN_COMMA = YES;
				CLANG_WARN_CONSTANT_CONVERSION = YES;
				CLANG_WARN_DEPRECATED_OBJC_IMPLEMENTATIONS = YES;
				CLANG_WARN_DIRECT_OBJC_ISA_USAGE = YES_ERROR;
				CLANG_WARN_DOCUMENTATION_COMMENTS = YES;
				CLANG_WARN_EMPTY_BODY = YES;
				CLANG_WARN_ENUM_CONVERSION = YES;
				CLANG_WARN_INFINITE_RECURSION = YES;
				CLANG_WARN_INT_CONVERSION = YES;
				CLANG_WARN_NON_LITERAL_NULL_CONVERSION = YES;
				CLANG_WARN_OBJC_IMPLICIT_RETAIN_SELF = YES;
				CLANG_WARN_OBJC_LITERAL_CONVERSION = YES;
				CLANG_WARN_OBJC_ROOT_CLASS = YES_ERROR;
				CLANG_WARN_QUOTED_INCLUDE_IN_FRAMEWORK_HEADER = YES;
				CLANG_WARN_RANGE_LOOP_ANALYSIS = YES;
				CLANG_WARN_STRICT_PROTOTYPES = YES;
				CLANG_WARN_SUSPICIOUS_MOVE = YES;
				CLANG_WARN_UNGUARDED_AVAILABILITY = YES_AGGRESSIVE;
				CLANG_WARN_UNREACHABLE_CODE = YES;
				CLANG_WARN__DUPLICATE_METHOD_MATCH = YES;
				COPY_PHASE_STRIP = NO;
				DEBUG_INFORMATION_FORMAT = "dwarf-with-dsym";
				ENABLE_NS_ASSERTIONS = NO;
				ENABLE_STRICT_OBJC_MSGSEND = YES;
				GCC_C_LANGUAGE_STANDARD = gnu11;
				GCC_NO_COMMON_BLOCKS = YES;
				GCC_WARN_64_TO_32_BIT_CONVERSION = YES;
				GCC_WARN_ABOUT_RETURN_TYPE = YES_ERROR;
				GCC_WARN_UNDECLARED_SELECTOR = YES;
				GCC_WARN_UNINITIALIZED_AUTOS = YES_AGGRESSIVE;
				GCC_WARN_UNUSED_FUNCTION = YES;
				GCC_WARN_UNUSED_VARIABLE = YES;
				IPHONEOS_DEPLOYMENT_TARGET = 16.4;
				MTL_ENABLE_DEBUG_INFO = NO;
				MTL_FAST_MATH = YES;
				SDKROOT = iphoneos;
				SWIFT_COMPILATION_MODE = wholemodule;
				SWIFT_OPTIMIZATION_LEVEL = "-O";
				VALIDATE_PRODUCT = YES;
			};
			name = Release;
		};
		FAA11F1B2A094FF900720F56 /* Debug */ = {
			isa = XCBuildConfiguration;
			buildSettings = {
				ASSETCATALOG_COMPILER_APPICON_NAME = AppIcon;
				ASSETCATALOG_COMPILER_GLOBAL_ACCENT_COLOR_NAME = AccentColor;
				CODE_SIGN_ENTITLEMENTS = CoreActressApp/CoreActressApp.entitlements;
				CODE_SIGN_STYLE = Automatic;
				CURRENT_PROJECT_VERSION = 1;
				GENERATE_INFOPLIST_FILE = YES;
				INFOPLIST_FILE = CoreActressApp/Info.plist;
				INFOPLIST_KEY_UIApplicationSupportsIndirectInputEvents = YES;
				INFOPLIST_KEY_UILaunchStoryboardName = LaunchScreen;
				INFOPLIST_KEY_UIMainStoryboardFile = Main;
				INFOPLIST_KEY_UISupportedInterfaceOrientations_iPad = "UIInterfaceOrientationPortrait UIInterfaceOrientationPortraitUpsideDown UIInterfaceOrientationLandscapeLeft UIInterfaceOrientationLandscapeRight";
				INFOPLIST_KEY_UISupportedInterfaceOrientations_iPhone = "UIInterfaceOrientationPortrait UIInterfaceOrientationLandscapeLeft UIInterfaceOrientationLandscapeRight";
				LD_RUNPATH_SEARCH_PATHS = (
					"$(inherited)",
					"@executable_path/Frameworks",
				);
				MARKETING_VERSION = 1.0;
				PRODUCT_BUNDLE_IDENTIFIER = com.unitbv.CoreActressApp;
				PRODUCT_NAME = "$(TARGET_NAME)";
				SWIFT_EMIT_LOC_STRINGS = YES;
				SWIFT_VERSION = 5.0;
				TARGETED_DEVICE_FAMILY = "1,2";
			};
			name = Debug;
		};
		FAA11F1C2A094FF900720F56 /* Release */ = {
			isa = XCBuildConfiguration;
			buildSettings = {
				ASSETCATALOG_COMPILER_APPICON_NAME = AppIcon;
				ASSETCATALOG_COMPILER_GLOBAL_ACCENT_COLOR_NAME = AccentColor;
				CODE_SIGN_ENTITLEMENTS = CoreActressApp/CoreActressApp.entitlements;
				CODE_SIGN_STYLE = Automatic;
				CURRENT_PROJECT_VERSION = 1;
				GENERATE_INFOPLIST_FILE = YES;
				INFOPLIST_FILE = CoreActressApp/Info.plist;
				INFOPLIST_KEY_UIApplicationSupportsIndirectInputEvents = YES;
				INFOPLIST_KEY_UILaunchStoryboardName = LaunchScreen;
				INFOPLIST_KEY_UIMainStoryboardFile = Main;
				INFOPLIST_KEY_UISupportedInterfaceOrientations_iPad = "UIInterfaceOrientationPortrait UIInterfaceOrientationPortraitUpsideDown UIInterfaceOrientationLandscapeLeft UIInterfaceOrientationLandscapeRight";
				INFOPLIST_KEY_UISupportedInterfaceOrientations_iPhone = "UIInterfaceOrientationPortrait UIInterfaceOrientationLandscapeLeft UIInterfaceOrientationLandscapeRight";
				LD_RUNPATH_SEARCH_PATHS = (
					"$(inherited)",
					"@executable_path/Frameworks",
				);
				MARKETING_VERSION = 1.0;
				PRODUCT_BUNDLE_IDENTIFIER = com.unitbv.CoreActressApp;
				PRODUCT_NAME = "$(TARGET_NAME)";
				SWIFT_EMIT_LOC_STRINGS = YES;
				SWIFT_VERSION = 5.0;
				TARGETED_DEVICE_FAMILY = "1,2";
			};
			name = Release;
		};
/* End XCBuildConfiguration section */

/* Begin XCConfigurationList section */
		FAA11EFE2A094FF800720F56 /* Build configuration list for PBXProject "CoreActressApp" */ = {
			isa = XCConfigurationList;
			buildConfigurations = (
				FAA11F182A094FF900720F56 /* Debug */,
				FAA11F192A094FF900720F56 /* Release */,
			);
			defaultConfigurationIsVisible = 0;
			defaultConfigurationName = Release;
		};
		FAA11F1A2A094FF900720F56 /* Build configuration list for PBXNativeTarget "CoreActressApp" */ = {
			isa = XCConfigurationList;
			buildConfigurations = (
				FAA11F1B2A094FF900720F56 /* Debug */,
				FAA11F1C2A094FF900720F56 /* Release */,
			);
			defaultConfigurationIsVisible = 0;
			defaultConfigurationName = Release;
		};
/* End XCConfigurationList section */

/* Begin XCVersionGroup section */
		FAA11F0F2A094FF800720F56 /* CoreActressApp.xcdatamodeld */ = {
			isa = XCVersionGroup;
			children = (
				FAA11F102A094FF800720F56 /* CoreActressApp.xcdatamodel */,
			);
			currentVersion = FAA11F102A094FF800720F56 /* CoreActressApp.xcdatamodel */;
			path = CoreActressApp.xcdatamodeld;
			sourceTree = "<group>";
			versionGroupType = wrapper.xcdatamodel;
		};
/* End XCVersionGroup section */
	};
	rootObject = FAA11EFB2A094FF800720F56 /* Project object */;
}
